
Microsoft Visual Studio Solution File, Format Version 12.00
# Visual Studio 15
VisualStudioVersion = 15.0.26730.3
MinimumVisualStudioVersion = 10.0.40219.1
Project("{FAE04EC0-301F-11D3-BF4B-00C04F79EFBC}") = "FTEC.DONATION", "FTEC.DONATION\FTEC.DONATION.csproj", "{2B781076-E6D9-4DAE-BC37-93069CE52FCA}"
EndProject
Project("{2150E333-8FDC-42A3-9474-1A3956D46DE8}") = "Aplicacao", "Aplicacao", "{65728146-B3AB-4EDF-ACFA-9A3F5AEDD1D8}"
EndProject
Project("{2150E333-8FDC-42A3-9474-1A3956D46DE8}") = "Apresentacao", "Apresentacao", "{C6D8ACBD-B0C9-4FA5-B573-51FA62330C62}"
EndProject
Project("{2150E333-8FDC-42A3-9474-1A3956D46DE8}") = "Crosscutting", "Crosscutting", "{106158D4-A26B-4F2B-89EE-3E16C19B1F66}"
EndProject
Project("{2150E333-8FDC-42A3-9474-1A3956D46DE8}") = "Dominio", "Dominio", "{68368AB7-1692-4274-A95A-9B0071E5B898}"
EndProject
Project("{2150E333-8FDC-42A3-9474-1A3956D46DE8}") = "Infraestrutura", "Infraestrutura", "{CF384A6D-30A0-4A00-A469-0CFF64C50E14}"
EndProject
Project("{2150E333-8FDC-42A3-9474-1A3956D46DE8}") = "Servico", "Servico", "{514C830C-8B26-4983-85C1-FDCA47CCB127}"
EndProject
Project("{FAE04EC0-301F-11D3-BF4B-00C04F79EFBC}") = "FTEC.DONATION.APLICACAO", "FTEC.DONATION.APLICACAO\FTEC.DONATION.APLICACAO.csproj", "{965F1AE2-C29B-4613-A694-D16AB69CD2D5}"
EndProject
Project("{FAE04EC0-301F-11D3-BF4B-00C04F79EFBC}") = "FTEC.DONATION.DOMINIO", "FTEC.DONATION.DOMINIO\FTEC.DONATION.DOMINIO.csproj", "{BE0654EB-B850-4794-96A5-7A97842AFB87}"
EndProject
Project("{FAE04EC0-301F-11D3-BF4B-00C04F79EFBC}") = "FTEC.DONATION.INFRA.REPOSITORIO", "FTEC.DONATION.INFRA.REPOSITORIO\FTEC.DONATION.INFRA.REPOSITORIO.csproj", "{E72EC587-CF80-462B-BF62-1967387F6355}"
EndProject
Project("{FAE04EC0-301F-11D3-BF4B-00C04F79EFBC}") = "FTEC.DONATION.SERVICO", "FTEC.DONATION.SERVICO\FTEC.DONATION.SERVICO.csproj", "{0208CC3E-E062-49C2-9F2B-1FE855EA3578}"
EndProject
Global
	GlobalSection(SolutionConfigurationPlatforms) = preSolution
		Debug|Any CPU = Debug|Any CPU
		Release|Any CPU = Release|Any CPU
	EndGlobalSection
	GlobalSection(ProjectConfigurationPlatforms) = postSolution
		{2B781076-E6D9-4DAE-BC37-93069CE52FCA}.Debug|Any CPU.ActiveCfg = Debug|Any CPU
		{2B781076-E6D9-4DAE-BC37-93069CE52FCA}.Debug|Any CPU.Build.0 = Debug|Any CPU
		{2B781076-E6D9-4DAE-BC37-93069CE52FCA}.Release|Any CPU.ActiveCfg = Release|Any CPU
		{2B781076-E6D9-4DAE-BC37-93069CE52FCA}.Release|Any CPU.Build.0 = Release|Any CPU
		{965F1AE2-C29B-4613-A694-D16AB69CD2D5}.Debug|Any CPU.ActiveCfg = Debug|Any CPU
		{965F1AE2-C29B-4613-A694-D16AB69CD2D5}.Debug|Any CPU.Build.0 = Debug|Any CPU
		{965F1AE2-C29B-4613-A694-D16AB69CD2D5}.Release|Any CPU.ActiveCfg = Release|Any CPU
		{965F1AE2-C29B-4613-A694-D16AB69CD2D5}.Release|Any CPU.Build.0 = Release|Any CPU
		{BE0654EB-B850-4794-96A5-7A97842AFB87}.Debug|Any CPU.ActiveCfg = Debug|Any CPU
		{BE0654EB-B850-4794-96A5-7A97842AFB87}.Debug|Any CPU.Build.0 = Debug|Any CPU
		{BE0654EB-B850-4794-96A5-7A97842AFB87}.Release|Any CPU.ActiveCfg = Release|Any CPU
		{BE0654EB-B850-4794-96A5-7A97842AFB87}.Release|Any CPU.Build.0 = Release|Any CPU
		{E72EC587-CF80-462B-BF62-1967387F6355}.Debug|Any CPU.ActiveCfg = Debug|Any CPU
		{E72EC587-CF80-462B-BF62-1967387F6355}.Debug|Any CPU.Build.0 = Debug|Any CPU
		{E72EC587-CF80-462B-BF62-1967387F6355}.Release|Any CPU.ActiveCfg = Release|Any CPU
		{E72EC587-CF80-462B-BF62-1967387F6355}.Release|Any CPU.Build.0 = Release|Any CPU
		{0208CC3E-E062-49C2-9F2B-1FE855EA3578}.Debug|Any CPU.ActiveCfg = Debug|Any CPU
		{0208CC3E-E062-49C2-9F2B-1FE855EA3578}.Debug|Any CPU.Build.0 = Debug|Any CPU
		{0208CC3E-E062-49C2-9F2B-1FE855EA3578}.Release|Any CPU.ActiveCfg = Release|Any CPU
		{0208CC3E-E062-49C2-9F2B-1FE855EA3578}.Release|Any CPU.Build.0 = Release|Any CPU
	EndGlobalSection
	GlobalSection(SolutionProperties) = preSolution
		HideSolutionNode = FALSE
	EndGlobalSection
	GlobalSection(NestedProjects) = preSolution
		{2B781076-E6D9-4DAE-BC37-93069CE52FCA} = {C6D8ACBD-B0C9-4FA5-B573-51FA62330C62}
		{965F1AE2-C29B-4613-A694-D16AB69CD2D5} = {65728146-B3AB-4EDF-ACFA-9A3F5AEDD1D8}
		{BE0654EB-B850-4794-96A5-7A97842AFB87} = {68368AB7-1692-4274-A95A-9B0071E5B898}
		{E72EC587-CF80-462B-BF62-1967387F6355} = {CF384A6D-30A0-4A00-A469-0CFF64C50E14}
		{0208CC3E-E062-49C2-9F2B-1FE855EA3578} = {514C830C-8B26-4983-85C1-FDCA47CCB127}
	EndGlobalSection
	GlobalSection(ExtensibilityGlobals) = postSolution
		SolutionGuid = {58DC3E78-4553-4F1F-A4CF-57C620B81EB6}
	EndGlobalSection
EndGlobal
